<?xml version="1.0" encoding="utf-8"?>
<Project ToolsVersion="4.0" xmlns="http://schemas.microsoft.com/developer/msbuild/2003">
  <ItemGroup>
    <Filter Include="Archivos de encabezado">
      <UniqueIdentifier>{93995380-89BD-4b04-88EB-625FBE52EBFB}</UniqueIdentifier>
      <Extensions>h;hh;hpp;hxx;h++;hm;inl;inc;ipp;xsd</Extensions>
    </Filter>
    <Filter Include="Archivos de recursos">
      <UniqueIdentifier>{67DA6AB6-F800-4c08-8B7A-83BB121AAD01}</UniqueIdentifier>
      <Extensions>rc;ico;cur;bmp;dlg;rc2;rct;bin;rgs;gif;jpg;jpeg;jpe;resx;tiff;tif;png;wav;mfcribbon-ms</Extensions>
    </Filter>
    <Filter Include="Paddle">
      <UniqueIdentifier>{ffdfd977-22fb-461d-8a1c-b9ef1376ce07}</UniqueIdentifier>
    </Filter>
    <Filter Include="Ball">
      <UniqueIdentifier>{3c875f69-2ae3-43e0-817d-d9f1b769232a}</UniqueIdentifier>
    </Filter>
    <Filter Include="Bricks">
      <UniqueIdentifier>{3138d70e-58a8-4da7-944c-f6fa04349056}</UniqueIdentifier>
    </Filter>
    <Filter Include="Archivos de recursos\Menu">
      <UniqueIdentifier>{aad595d2-1b56-471c-94fa-5c8eb4af33c8}</UniqueIdentifier>
    </Filter>
    <Filter Include="Player">
      <UniqueIdentifier>{0bbb3135-20f7-4652-84dc-23341acff2d5}</UniqueIdentifier>
    </Filter>
  </ItemGroup>
  <ItemGroup>
    <ClCompile Include="src\main.cpp">
      <Filter>Archivos de recursos</Filter>
    </ClCompile>
    <ClCompile Include="src\Ball\ball.cpp">
      <Filter>Ball</Filter>
    </ClCompile>
    <ClCompile Include="src\Paddle\paddle.cpp">
      <Filter>Paddle</Filter>
    </ClCompile>
    <ClCompile Include="src\Bricks\bricks.cpp">
      <Filter>Bricks</Filter>
    </ClCompile>
    <ClCompile Include="src\Menu\menu.cpp">
      <Filter>Archivos de recursos\Menu</Filter>
    </ClCompile>
    <ClCompile Include="src\Player\player.cpp">
      <Filter>Player</Filter>
    </ClCompile>
  </ItemGroup>
  <ItemGroup>
    <ClInclude Include="src\Ball\ball.h">
      <Filter>Ball</Filter>
    </ClInclude>
    <ClInclude Include="src\Paddle\paddle.h">
      <Filter>Paddle</Filter>
    </ClInclude>
    <ClInclude Include="src\Bricks\bricks.h">
      <Filter>Bricks</Filter>
    </ClInclude>
    <ClInclude Include="src\Menu\menu.h">
      <Filter>Archivos de recursos\Menu</Filter>
    </ClInclude>
    <ClInclude Include="src\Player\player.h">
      <Filter>Player</Filter>
    </ClInclude>
  </ItemGroup>
</Project>